// !$*UTF8*$!
{
	archiveVersion = 1;
	classes = {
	};
	objectVersion = 50;
	objects = {

/* Begin PBXBuildFile section */
		4A4160372451A46D005047AC /* SettingsView.swift in Sources */ = {isa = PBXBuildFile; fileRef = 4A4160362451A46D005047AC /* SettingsView.swift */; };
		4A5275F524499D530001B955 /* AppDelegate.swift in Sources */ = {isa = PBXBuildFile; fileRef = 4A5275F424499D530001B955 /* AppDelegate.swift */; };
		4A5275F724499D530001B955 /* SceneDelegate.swift in Sources */ = {isa = PBXBuildFile; fileRef = 4A5275F624499D530001B955 /* SceneDelegate.swift */; };
		4A5275F924499D530001B955 /* ContentView.swift in Sources */ = {isa = PBXBuildFile; fileRef = 4A5275F824499D530001B955 /* ContentView.swift */; };
		4A5275FB24499D560001B955 /* Assets.xcassets in Resources */ = {isa = PBXBuildFile; fileRef = 4A5275FA24499D560001B955 /* Assets.xcassets */; };
		4A5275FE24499D560001B955 /* Preview Assets.xcassets in Resources */ = {isa = PBXBuildFile; fileRef = 4A5275FD24499D560001B955 /* Preview Assets.xcassets */; };
		4A52760124499D560001B955 /* LaunchScreen.storyboard in Resources */ = {isa = PBXBuildFile; fileRef = 4A5275FF24499D560001B955 /* LaunchScreen.storyboard */; };
		4A527609244CC3B20001B955 /* Waqi.swift in Sources */ = {isa = PBXBuildFile; fileRef = 4A527608244CC3B20001B955 /* Waqi.swift */; };
		4A52760B244CC77D0001B955 /* WakiModel.swift in Sources */ = {isa = PBXBuildFile; fileRef = 4A52760A244CC77D0001B955 /* WakiModel.swift */; };
/* End PBXBuildFile section */

/* Begin PBXFileReference section */
		4A4160362451A46D005047AC /* SettingsView.swift */ = {isa = PBXFileReference; lastKnownFileType = sourcecode.swift; path = SettingsView.swift; sourceTree = "<group>"; };
		4A5275F124499D530001B955 /* Breathe.app */ = {isa = PBXFileReference; explicitFileType = wrapper.application; includeInIndex = 0; path = Breathe.app; sourceTree = BUILT_PRODUCTS_DIR; };
		4A5275F424499D530001B955 /* AppDelegate.swift */ = {isa = PBXFileReference; lastKnownFileType = sourcecode.swift; path = AppDelegate.swift; sourceTree = "<group>"; };
		4A5275F624499D530001B955 /* SceneDelegate.swift */ = {isa = PBXFileReference; lastKnownFileType = sourcecode.swift; path = SceneDelegate.swift; sourceTree = "<group>"; };
		4A5275F824499D530001B955 /* ContentView.swift */ = {isa = PBXFileReference; lastKnownFileType = sourcecode.swift; path = ContentView.swift; sourceTree = "<group>"; };
		4A5275FA24499D560001B955 /* Assets.xcassets */ = {isa = PBXFileReference; lastKnownFileType = folder.assetcatalog; path = Assets.xcassets; sourceTree = "<group>"; };
		4A5275FD24499D560001B955 /* Preview Assets.xcassets */ = {isa = PBXFileReference; lastKnownFileType = folder.assetcatalog; path = "Preview Assets.xcassets"; sourceTree = "<group>"; };
		4A52760024499D560001B955 /* Base */ = {isa = PBXFileReference; lastKnownFileType = file.storyboard; name = Base; path = Base.lproj/LaunchScreen.storyboard; sourceTree = "<group>"; };
		4A52760224499D560001B955 /* Info.plist */ = {isa = PBXFileReference; lastKnownFileType = text.plist.xml; path = Info.plist; sourceTree = "<group>"; };
		4A527608244CC3B20001B955 /* Waqi.swift */ = {isa = PBXFileReference; lastKnownFileType = sourcecode.swift; path = Waqi.swift; sourceTree = "<group>"; };
		4A52760A244CC77D0001B955 /* WakiModel.swift */ = {isa = PBXFileReference; lastKnownFileType = sourcecode.swift; path = WakiModel.swift; sourceTree = "<group>"; };
/* End PBXFileReference section */

/* Begin PBXFrameworksBuildPhase section */
		4A5275EE24499D530001B955 /* Frameworks */ = {
			isa = PBXFrameworksBuildPhase;
			buildActionMask = 2147483647;
			files = (
			);
			runOnlyForDeploymentPostprocessing = 0;
		};
/* End PBXFrameworksBuildPhase section */

/* Begin PBXGroup section */
		4A5275E824499D530001B955 = {
			isa = PBXGroup;
			children = (
				4A5275F324499D530001B955 /* Breathe */,
				4A5275F224499D530001B955 /* Products */,
			);
			sourceTree = "<group>";
		};
		4A5275F224499D530001B955 /* Products */ = {
			isa = PBXGroup;
			children = (
				4A5275F124499D530001B955 /* Breathe.app */,
			);
			name = Products;
			sourceTree = "<group>";
		};
		4A5275F324499D530001B955 /* Breathe */ = {
			isa = PBXGroup;
			children = (
				4A5275F424499D530001B955 /* AppDelegate.swift */,
				4A5275F624499D530001B955 /* SceneDelegate.swift */,
				4A527608244CC3B20001B955 /* Waqi.swift */,
				4A5275F824499D530001B955 /* ContentView.swift */,
				4A52760A244CC77D0001B955 /* WakiModel.swift */,
				4A5275FA24499D560001B955 /* Assets.xcassets */,
				4A5275FF24499D560001B955 /* LaunchScreen.storyboard */,
				4A52760224499D560001B955 /* Info.plist */,
				4A5275FC24499D560001B955 /* Preview Content */,
				4A4160362451A46D005047AC /* SettingsView.swift */,
			);
			path = Breathe;
			sourceTree = "<group>";
		};
		4A5275FC24499D560001B955 /* Preview Content */ = {
			isa = PBXGroup;
			children = (
				4A5275FD24499D560001B955 /* Preview Assets.xcassets */,
			);
			path = "Preview Content";
			sourceTree = "<group>";
		};
/* End PBXGroup section */

/* Begin PBXNativeTarget section */
		4A5275F024499D530001B955 /* Breathe */ = {
			isa = PBXNativeTarget;
			buildConfigurationList = 4A52760524499D560001B955 /* Build configuration list for PBXNativeTarget "Breathe" */;
			buildPhases = (
				4A5275ED24499D530001B955 /* Sources */,
				4A5275EE24499D530001B955 /* Frameworks */,
				4A5275EF24499D530001B955 /* Resources */,
			);
			buildRules = (
			);
			dependencies = (
			);
			name = Breathe;
			productName = Breathe;
			productReference = 4A5275F124499D530001B955 /* Breathe.app */;
			productType = "com.apple.product-type.application";
		};
/* End PBXNativeTarget section */

/* Begin PBXProject section */
		4A5275E924499D530001B955 /* Project object */ = {
			isa = PBXProject;
			attributes = {
				LastSwiftUpdateCheck = 1140;
				LastUpgradeCheck = 1140;
				ORGANIZATIONNAME = patsis;
				TargetAttributes = {
					4A5275F024499D530001B955 = {
						CreatedOnToolsVersion = 11.4;
					};
				};
			};
			buildConfigurationList = 4A5275EC24499D530001B955 /* Build configuration list for PBXProject "Breathe" */;
			compatibilityVersion = "Xcode 9.3";
			developmentRegion = en;
			hasScannedForEncodings = 0;
			knownRegions = (
				en,
				Base,
			);
			mainGroup = 4A5275E824499D530001B955;
			productRefGroup = 4A5275F224499D530001B955 /* Products */;
			projectDirPath = "";
			projectRoot = "";
			targets = (
				4A5275F024499D530001B955 /* Breathe */,
			);
		};
/* End PBXProject section */

/* Begin PBXResourcesBuildPhase section */
		4A5275EF24499D530001B955 /* Resources */ = {
			isa = PBXResourcesBuildPhase;
			buildActionMask = 2147483647;
			files = (
				4A52760124499D560001B955 /* LaunchScreen.storyboard in Resources */,
				4A5275FE24499D560001B955 /* Preview Assets.xcassets in Resources */,
				4A5275FB24499D560001B955 /* Assets.xcassets in Resources */,
			);
			runOnlyForDeploymentPostprocessing = 0;
		};
/* End PBXResourcesBuildPhase section */

/* Begin PBXSourcesBuildPhase section */
		4A5275ED24499D530001B955 /* Sources */ = {
			isa = PBXSourcesBuildPhase;
			buildActionMask = 2147483647;
			files = (
				4A4160372451A46D005047AC /* SettingsView.swift in Sources */,
				4A5275F524499D530001B955 /* AppDelegate.swift in Sources */,
				4A52760B244CC77D0001B955 /* WakiModel.swift in Sources */,
				4A5275F724499D530001B955 /* SceneDelegate.swift in Sources */,
				4A5275F924499D530001B955 /* ContentView.swift in Sources */,
				4A527609244CC3B20001B955 /* Waqi.swift in Sources */,
			);
			runOnlyForDeploymentPostprocessing = 0;
		};
/* End PBXSourcesBuildPhase section */

/* Begin PBXVariantGroup section */
		4A5275FF24499D560001B955 /* LaunchScreen.storyboard */ = {
			isa = PBXVariantGroup;
			children = (
				4A52760024499D560001B955 /* Base */,
			);
			name = LaunchScreen.storyboard;
			sourceTree = "<group>";
		};
/* End PBXVariantGroup section */

/* Begin XCBuildConfiguration section */
		4A52760324499D560001B955 /* Debug */ = {
			isa = XCBuildConfiguration;
			buildSettings = {
				ALWAYS_SEARCH_USER_PATHS = NO;
				CLANG_ANALYZER_NONNULL = YES;
				CLANG_ANALYZER_NUMBER_OBJECT_CONVERSION = YES_AGGRESSIVE;
				CLANG_CXX_LANGUAGE_STANDARD = "gnu++14";
				CLANG_CXX_LIBRARY = "libc++";
				CLANG_ENABLE_MODULES = YES;
				CLANG_ENABLE_OBJC_ARC = YES;
				CLANG_ENABLE_OBJC_WEAK = YES;
				CLANG_WARN_BLOCK_CAPTURE_AUTORELEASING = YES;
				CLANG_WARN_BOOL_CONVERSION = YES;
				CLANG_WARN_COMMA = YES;
				CLANG_WARN_CONSTANT_CONVERSION = YES;
				CLANG_WARN_DEPRECATED_OBJC_IMPLEMENTATIONS = YES;
				CLANG_WARN_DIRECT_OBJC_ISA_USAGE = YES_ERROR;
				CLANG_WARN_DOCUMENTATION_COMMENTS = YES;
				CLANG_WARN_EMPTY_BODY = YES;
				CLANG_WARN_ENUM_CONVERSION = YES;
				CLANG_WARN_INFINITE_RECURSION = YES;
				CLANG_WARN_INT_CONVERSION = YES;
				CLANG_WARN_NON_LITERAL_NULL_CONVERSION = YES;
				CLANG_WARN_OBJC_IMPLICIT_RETAIN_SELF = YES;
				CLANG_WARN_OBJC_LITERAL_CONVERSION = YES;
				CLANG_WARN_OBJC_ROOT_CLASS = YES_ERROR;
				CLANG_WARN_RANGE_LOOP_ANALYSIS = YES;
				CLANG_WARN_STRICT_PROTOTYPES = YES;
				CLANG_WARN_SUSPICIOUS_MOVE = YES;
				CLANG_WARN_UNGUARDED_AVAILABILITY = YES_AGGRESSIVE;
				CLANG_WARN_UNREACHABLE_CODE = YES;
				CLANG_WARN__DUPLICATE_METHOD_MATCH = YES;
				COPY_PHASE_STRIP = NO;
				DEBUG_INFORMATION_FORMAT = dwarf;
				ENABLE_STRICT_OBJC_MSGSEND = YES;
				ENABLE_TESTABILITY = YES;
				GCC_C_LANGUAGE_STANDARD = gnu11;
				GCC_DYNAMIC_NO_PIC = NO;
				GCC_NO_COMMON_BLOCKS = YES;
				GCC_OPTIMIZATION_LEVEL = 0;
				GCC_PREPROCESSOR_DEFINITIONS = (
					"DEBUG=1",
					"$(inherited)",
				);
				GCC_WARN_64_TO_32_BIT_CONVERSION = YES;
				GCC_WARN_ABOUT_RETURN_TYPE = YES_ERROR;
				GCC_WARN_UNDECLARED_SELECTOR = YES;
				GCC_WARN_UNINITIALIZED_AUTOS = YES_AGGRESSIVE;
				GCC_WARN_UNUSED_FUNCTION = YES;
				GCC_WARN_UNUSED_VARIABLE = YES;
				IPHONEOS_DEPLOYMENT_TARGET = 13.4;
				MTL_ENABLE_DEBUG_INFO = INCLUDE_SOURCE;
				MTL_FAST_MATH = YES;
				ONLY_ACTIVE_ARCH = YES;
				SDKROOT = iphoneos;
				SWIFT_ACTIVE_COMPILATION_CONDITIONS = DEBUG;
				SWIFT_OPTIMIZATION_LEVEL = "-Onone";
			};
			name = Debug;
		};
		4A52760424499D560001B955 /* Release */ = {
			isa = XCBuildConfiguration;
			buildSettings = {
				ALWAYS_SEARCH_USER_PATHS = NO;
				CLANG_ANALYZER_NONNULL = YES;
				CLANG_ANALYZER_NUMBER_OBJECT_CONVERSION = YES_AGGRESSIVE;
				CLANG_CXX_LANGUAGE_STANDARD = "gnu++14";
				CLANG_CXX_LIBRARY = "libc++";
				CLANG_ENABLE_MODULES = YES;
				CLANG_ENABLE_OBJC_ARC = YES;
				CLANG_ENABLE_OBJC_WEAK = YES;
				CLANG_WARN_BLOCK_CAPTURE_AUTORELEASING = YES;
				CLANG_WARN_BOOL_CONVERSION = YES;
				CLANG_WARN_COMMA = YES;
				CLANG_WARN_CONSTANT_CONVERSION = YES;
				CLANG_WARN_DEPRECATED_OBJC_IMPLEMENTATIONS = YES;
				CLANG_WARN_DIRECT_OBJC_ISA_USAGE = YES_ERROR;
				CLANG_WARN_DOCUMENTATION_COMMENTS = YES;
				CLANG_WARN_EMPTY_BODY = YES;
				CLANG_WARN_ENUM_CONVERSION = YES;
				CLANG_WARN_INFINITE_RECURSION = YES;
				CLANG_WARN_INT_CONVERSION = YES;
				CLANG_WARN_NON_LITERAL_NULL_CONVERSION = YES;
				CLANG_WARN_OBJC_IMPLICIT_RETAIN_SELF = YES;
				CLANG_WARN_OBJC_LITERAL_CONVERSION = YES;
				CLANG_WARN_OBJC_ROOT_CLASS = YES_ERROR;
				CLANG_WARN_RANGE_LOOP_ANALYSIS = YES;
				CLANG_WARN_STRICT_PROTOTYPES = YES;
				CLANG_WARN_SUSPICIOUS_MOVE = YES;
				CLANG_WARN_UNGUARDED_AVAILABILITY = YES_AGGRESSIVE;
				CLANG_WARN_UNREACHABLE_CODE = YES;
				CLANG_WARN__DUPLICATE_METHOD_MATCH = YES;
				COPY_PHASE_STRIP = NO;
				DEBUG_INFORMATION_FORMAT = "dwarf-with-dsym";
				ENABLE_NS_ASSERTIONS = NO;
				ENABLE_STRICT_OBJC_MSGSEND = YES;
				GCC_C_LANGUAGE_STANDARD = gnu11;
				GCC_NO_COMMON_BLOCKS = YES;
				GCC_WARN_64_TO_32_BIT_CONVERSION = YES;
				GCC_WARN_ABOUT_RETURN_TYPE = YES_ERROR;
				GCC_WARN_UNDECLARED_SELECTOR = YES;
				GCC_WARN_UNINITIALIZED_AUTOS = YES_AGGRESSIVE;
				GCC_WARN_UNUSED_FUNCTION = YES;
				GCC_WARN_UNUSED_VARIABLE = YES;
				IPHONEOS_DEPLOYMENT_TARGET = 13.4;
				MTL_ENABLE_DEBUG_INFO = NO;
				MTL_FAST_MATH = YES;
				SDKROOT = iphoneos;
				SWIFT_COMPILATION_MODE = wholemodule;
				SWIFT_OPTIMIZATION_LEVEL = "-O";
				VALIDATE_PRODUCT = YES;
			};
			name = Release;
		};
		4A52760624499D560001B955 /* Debug */ = {
			isa = XCBuildConfiguration;
			buildSettings = {
				ASSETCATALOG_COMPILER_APPICON_NAME = AppIcon;
				CODE_SIGN_STYLE = Automatic;
				DEVELOPMENT_ASSET_PATHS = "\"Breathe/Preview Content\"";
				DEVELOPMENT_TEAM = 3K6SMK4JT3;
				ENABLE_PREVIEWS = YES;
				INFOPLIST_FILE = Breathe/Info.plist;
				LD_RUNPATH_SEARCH_PATHS = (
					"$(inherited)",
					"@executable_path/Frameworks",
				);
				PRODUCT_BUNDLE_IDENTIFIER = com.patsis.Breathe;
				PRODUCT_NAME = "$(TARGET_NAME)";
				SWIFT_VERSION = 5.0;
				TARGETED_DEVICE_FAMILY = "1,2";
			};
			name = Debug;
		};
		4A52760724499D560001B955 /* Release */ = {
			isa = XCBuildConfiguration;
			buildSettings = {
				ASSETCATALOG_COMPILER_APPICON_NAME = AppIcon;
				CODE_SIGN_STYLE = Automatic;
				DEVELOPMENT_ASSET_PATHS = "\"Breathe/Preview Content\"";
				DEVELOPMENT_TEAM = 3K6SMK4JT3;
				ENABLE_PREVIEWS = YES;
				INFOPLIST_FILE = Breathe/Info.plist;
				LD_RUNPATH_SEARCH_PATHS = (
					"$(inherited)",
					"@executable_path/Frameworks",
				);
				PRODUCT_BUNDLE_IDENTIFIER = com.patsis.Breathe;
				PRODUCT_NAME = "$(TARGET_NAME)";
				SWIFT_VERSION = 5.0;
				TARGETED_DEVICE_FAMILY = "1,2";
			};
			name = Release;
		};
/* End XCBuildConfiguration section */

/* Begin XCConfigurationList section */
		4A5275EC24499D530001B955 /* Build configuration list for PBXProject "Breathe" */ = {
			isa = XCConfigurationList;
			buildConfigurations = (
				4A52760324499D560001B955 /* Debug */,
				4A52760424499D560001B955 /* Release */,
			);
			defaultConfigurationIsVisible = 0;
			defaultConfigurationName = Release;
		};
		4A52760524499D560001B955 /* Build configuration list for PBXNativeTarget "Breathe" */ = {
			isa = XCConfigurationList;
			buildConfigurations = (
				4A52760624499D560001B955 /* Debug */,
				4A52760724499D560001B955 /* Release */,
			);
			defaultConfigurationIsVisible = 0;
			defaultConfigurationName = Release;
		};
/* End XCConfigurationList section */
	};
	rootObject = 4A5275E924499D530001B955 /* Project object */;
}
